
Microsoft Visual Studio Solution File, Format Version 12.00
# Visual Studio Version 17
VisualStudioVersion = 17.5.33424.131
MinimumVisualStudioVersion = 10.0.40219.1
Project("{FAE04EC0-301F-11D3-BF4B-00C04F79EFBC}") = "MazeSolver", "MazeSolver\MazeSolver.csproj", "{B6806BD0-CFC8-4401-9BDA-39C775C40103}"
EndProject
Global
	GlobalSection(SolutionConfigurationPlatforms) = preSolution
		Debug|Any CPU = Debug|Any CPU
		Release|Any CPU = Release|Any CPU
	EndGlobalSection
	GlobalSection(ProjectConfigurationPlatforms) = postSolution
		{B6806BD0-CFC8-4401-9BDA-39C775C40103}.Debug|Any CPU.ActiveCfg = Debug|Any CPU
		{B6806BD0-CFC8-4401-9BDA-39C775C40103}.Debug|Any CPU.Build.0 = Debug|Any CPU
		{B6806BD0-CFC8-4401-9BDA-39C775C40103}.Release|Any CPU.ActiveCfg = Release|Any CPU
		{B6806BD0-CFC8-4401-9BDA-39C775C40103}.Release|Any CPU.Build.0 = Release|Any CPU
	EndGlobalSection
	GlobalSection(SolutionProperties) = preSolution
		HideSolutionNode = FALSE
	EndGlobalSection
	GlobalSection(ExtensibilityGlobals) = postSolution
		SolutionGuid = {0E66F403-2F7C-4E99-B3CF-0185378DE0EF}
	EndGlobalSection
EndGlobal
